PODS:
  - UMCAnalytics (6.0.3):
    - UMCCommon
  - UMCCommon (2.0.1)
  - UMCCommonLog (1.0.0)
  - UMCSecurityPlugins (1.0.6)

DEPENDENCIES:
  - UMCAnalytics
  - UMCCommon
  - UMCCommonLog
  - UMCSecurityPlugins

SPEC REPOS:
  https://github.com/cocoapods/specs.git:
    - UMCAnalytics
    - UMCCommon
    - UMCCommonLog
    - UMCSecurityPlugins

SPEC CHECKSUMS:
  UMCAnalytics: ff58714ada407682c4a07548156f94bcec92f055
  UMCCommon: 0263a057a2e1ae1da4c8308541e56904a493ce13
  UMCCommonLog: 05a2d5de21858e3d870551562cff405c1366d244
  UMCSecurityPlugins: 0831a08f3988f3cea9f1d3a7626cd9bee4fef150

PODFILE CHECKSUM: d8a350b124042df5aa9d0423718565fefe54d67e

COCOAPODS: 1.7.1
